// !$*UTF8*$!
{
	archiveVersion = 1;
	classes = {
	};
	objectVersion = 48;
	objects = {

/* Begin PBXBuildFile section */
		375629B92031F3AE008D8DEF /* ProductCell.swift in Sources */ = {isa = PBXBuildFile; fileRef = 375629B82031F3AE008D8DEF /* ProductCell.swift */; };
		375629BB2031F7F8008D8DEF /* Product.swift in Sources */ = {isa = PBXBuildFile; fileRef = 375629BA2031F7F8008D8DEF /* Product.swift */; };
		375629BD2032273E008D8DEF /* ProductsViewController.swift in Sources */ = {isa = PBXBuildFile; fileRef = 375629BC2032273E008D8DEF /* ProductsViewController.swift */; };
		375C20392031A14B001EF06F /* AppDelegate.swift in Sources */ = {isa = PBXBuildFile; fileRef = 375C20382031A14B001EF06F /* AppDelegate.swift */; };
		375C203B2031A14B001EF06F /* CategoriesViewController.swift in Sources */ = {isa = PBXBuildFile; fileRef = 375C203A2031A14B001EF06F /* CategoriesViewController.swift */; };
		375C203E2031A14B001EF06F /* Main.storyboard in Resources */ = {isa = PBXBuildFile; fileRef = 375C203C2031A14B001EF06F /* Main.storyboard */; };
		375C20402031A14B001EF06F /* Assets.xcassets in Resources */ = {isa = PBXBuildFile; fileRef = 375C203F2031A14B001EF06F /* Assets.xcassets */; };
		375C20432031A14B001EF06F /* LaunchScreen.storyboard in Resources */ = {isa = PBXBuildFile; fileRef = 375C20412031A14B001EF06F /* LaunchScreen.storyboard */; };
		375C204E2031AE5F001EF06F /* CategoryCell.swift in Sources */ = {isa = PBXBuildFile; fileRef = 375C204D2031AE5F001EF06F /* CategoryCell.swift */; };
		375C20502031B2C1001EF06F /* Category.swift in Sources */ = {isa = PBXBuildFile; fileRef = 375C204F2031B2C1001EF06F /* Category.swift */; };
		375C20532031B64E001EF06F /* DataServices.swift in Sources */ = {isa = PBXBuildFile; fileRef = 375C20522031B64E001EF06F /* DataServices.swift */; };
/* End PBXBuildFile section */

/* Begin PBXFileReference section */
		375629B82031F3AE008D8DEF /* ProductCell.swift */ = {isa = PBXFileReference; lastKnownFileType = sourcecode.swift; path = ProductCell.swift; sourceTree = "<group>"; };
		375629BA2031F7F8008D8DEF /* Product.swift */ = {isa = PBXFileReference; lastKnownFileType = sourcecode.swift; path = Product.swift; sourceTree = "<group>"; };
		375629BC2032273E008D8DEF /* ProductsViewController.swift */ = {isa = PBXFileReference; lastKnownFileType = sourcecode.swift; path = ProductsViewController.swift; sourceTree = "<group>"; };
		375C20352031A14B001EF06F /* Swag Shopping.app */ = {isa = PBXFileReference; explicitFileType = wrapper.application; includeInIndex = 0; path = "Swag Shopping.app"; sourceTree = BUILT_PRODUCTS_DIR; };
		375C20382031A14B001EF06F /* AppDelegate.swift */ = {isa = PBXFileReference; lastKnownFileType = sourcecode.swift; path = AppDelegate.swift; sourceTree = "<group>"; };
		375C203A2031A14B001EF06F /* CategoriesViewController.swift */ = {isa = PBXFileReference; lastKnownFileType = sourcecode.swift; path = CategoriesViewController.swift; sourceTree = "<group>"; };
		375C203D2031A14B001EF06F /* Base */ = {isa = PBXFileReference; lastKnownFileType = file.storyboard; name = Base; path = Base.lproj/Main.storyboard; sourceTree = "<group>"; };
		375C203F2031A14B001EF06F /* Assets.xcassets */ = {isa = PBXFileReference; lastKnownFileType = folder.assetcatalog; path = Assets.xcassets; sourceTree = "<group>"; };
		375C20422031A14B001EF06F /* Base */ = {isa = PBXFileReference; lastKnownFileType = file.storyboard; name = Base; path = Base.lproj/LaunchScreen.storyboard; sourceTree = "<group>"; };
		375C20442031A14B001EF06F /* Info.plist */ = {isa = PBXFileReference; lastKnownFileType = text.plist.xml; path = Info.plist; sourceTree = "<group>"; };
		375C204D2031AE5F001EF06F /* CategoryCell.swift */ = {isa = PBXFileReference; lastKnownFileType = sourcecode.swift; path = CategoryCell.swift; sourceTree = "<group>"; };
		375C204F2031B2C1001EF06F /* Category.swift */ = {isa = PBXFileReference; lastKnownFileType = sourcecode.swift; path = Category.swift; sourceTree = "<group>"; };
		375C20522031B64E001EF06F /* DataServices.swift */ = {isa = PBXFileReference; lastKnownFileType = sourcecode.swift; path = DataServices.swift; sourceTree = "<group>"; };
/* End PBXFileReference section */

/* Begin PBXFrameworksBuildPhase section */
		375C20322031A14B001EF06F /* Frameworks */ = {
			isa = PBXFrameworksBuildPhase;
			buildActionMask = 2147483647;
			files = (
			);
			runOnlyForDeploymentPostprocessing = 0;
		};
/* End PBXFrameworksBuildPhase section */

/* Begin PBXGroup section */
		375C202C2031A14B001EF06F = {
			isa = PBXGroup;
			children = (
				375C20372031A14B001EF06F /* Swag Shopping */,
				375C20362031A14B001EF06F /* Products */,
			);
			sourceTree = "<group>";
		};
		375C20362031A14B001EF06F /* Products */ = {
			isa = PBXGroup;
			children = (
				375C20352031A14B001EF06F /* Swag Shopping.app */,
			);
			name = Products;
			sourceTree = "<group>";
		};
		375C20372031A14B001EF06F /* Swag Shopping */ = {
			isa = PBXGroup;
			children = (
				375C20512031B63D001EF06F /* Services */,
				375C204C2031ADB4001EF06F /* Controller */,
				375C204B2031ADAE001EF06F /* View */,
				375C204A2031ADA7001EF06F /* Model */,
				375C20382031A14B001EF06F /* AppDelegate.swift */,
				375C203C2031A14B001EF06F /* Main.storyboard */,
				375C203F2031A14B001EF06F /* Assets.xcassets */,
				375C20412031A14B001EF06F /* LaunchScreen.storyboard */,
				375C20442031A14B001EF06F /* Info.plist */,
			);
			path = "Swag Shopping";
			sourceTree = "<group>";
		};
		375C204A2031ADA7001EF06F /* Model */ = {
			isa = PBXGroup;
			children = (
				375C204F2031B2C1001EF06F /* Category.swift */,
				375629BA2031F7F8008D8DEF /* Product.swift */,
			);
			path = Model;
			sourceTree = "<group>";
		};
		375C204B2031ADAE001EF06F /* View */ = {
			isa = PBXGroup;
			children = (
				375C204D2031AE5F001EF06F /* CategoryCell.swift */,
				375629B82031F3AE008D8DEF /* ProductCell.swift */,
			);
			path = View;
			sourceTree = "<group>";
		};
		375C204C2031ADB4001EF06F /* Controller */ = {
			isa = PBXGroup;
			children = (
				375C203A2031A14B001EF06F /* CategoriesViewController.swift */,
				375629BC2032273E008D8DEF /* ProductsViewController.swift */,
			);
			path = Controller;
			sourceTree = "<group>";
		};
		375C20512031B63D001EF06F /* Services */ = {
			isa = PBXGroup;
			children = (
				375C20522031B64E001EF06F /* DataServices.swift */,
			);
			path = Services;
			sourceTree = "<group>";
		};
/* End PBXGroup section */

/* Begin PBXNativeTarget section */
		375C20342031A14B001EF06F /* Swag Shopping */ = {
			isa = PBXNativeTarget;
			buildConfigurationList = 375C20472031A14B001EF06F /* Build configuration list for PBXNativeTarget "Swag Shopping" */;
			buildPhases = (
				375C20312031A14B001EF06F /* Sources */,
				375C20322031A14B001EF06F /* Frameworks */,
				375C20332031A14B001EF06F /* Resources */,
			);
			buildRules = (
			);
			dependencies = (
			);
			name = "Swag Shopping";
			productName = "Swag Shopping";
			productReference = 375C20352031A14B001EF06F /* Swag Shopping.app */;
			productType = "com.apple.product-type.application";
		};
/* End PBXNativeTarget section */

/* Begin PBXProject section */
		375C202D2031A14B001EF06F /* Project object */ = {
			isa = PBXProject;
			attributes = {
				LastSwiftUpdateCheck = 0920;
				LastUpgradeCheck = 0920;
				ORGANIZATIONNAME = "Pritom  Mazumder";
				TargetAttributes = {
					375C20342031A14B001EF06F = {
						CreatedOnToolsVersion = 9.2;
						ProvisioningStyle = Automatic;
					};
				};
			};
			buildConfigurationList = 375C20302031A14B001EF06F /* Build configuration list for PBXProject "Swag Shopping" */;
			compatibilityVersion = "Xcode 8.0";
			developmentRegion = en;
			hasScannedForEncodings = 0;
			knownRegions = (
				en,
				Base,
			);
			mainGroup = 375C202C2031A14B001EF06F;
			productRefGroup = 375C20362031A14B001EF06F /* Products */;
			projectDirPath = "";
			projectRoot = "";
			targets = (
				375C20342031A14B001EF06F /* Swag Shopping */,
			);
		};
/* End PBXProject section */

/* Begin PBXResourcesBuildPhase section */
		375C20332031A14B001EF06F /* Resources */ = {
			isa = PBXResourcesBuildPhase;
			buildActionMask = 2147483647;
			files = (
				375C20432031A14B001EF06F /* LaunchScreen.storyboard in Resources */,
				375C20402031A14B001EF06F /* Assets.xcassets in Resources */,
				375C203E2031A14B001EF06F /* Main.storyboard in Resources */,
			);
			runOnlyForDeploymentPostprocessing = 0;
		};
/* End PBXResourcesBuildPhase section */

/* Begin PBXSourcesBuildPhase section */
		375C20312031A14B001EF06F /* Sources */ = {
			isa = PBXSourcesBuildPhase;
			buildActionMask = 2147483647;
			files = (
				375C20532031B64E001EF06F /* DataServices.swift in Sources */,
				375C203B2031A14B001EF06F /* CategoriesViewController.swift in Sources */,
				375629BD2032273E008D8DEF /* ProductsViewController.swift in Sources */,
				375C20392031A14B001EF06F /* AppDelegate.swift in Sources */,
				375629B92031F3AE008D8DEF /* ProductCell.swift in Sources */,
				375C204E2031AE5F001EF06F /* CategoryCell.swift in Sources */,
				375C20502031B2C1001EF06F /* Category.swift in Sources */,
				375629BB2031F7F8008D8DEF /* Product.swift in Sources */,
			);
			runOnlyForDeploymentPostprocessing = 0;
		};
/* End PBXSourcesBuildPhase section */

/* Begin PBXVariantGroup section */
		375C203C2031A14B001EF06F /* Main.storyboard */ = {
			isa = PBXVariantGroup;
			children = (
				375C203D2031A14B001EF06F /* Base */,
			);
			name = Main.storyboard;
			sourceTree = "<group>";
		};
		375C20412031A14B001EF06F /* LaunchScreen.storyboard */ = {
			isa = PBXVariantGroup;
			children = (
				375C20422031A14B001EF06F /* Base */,
			);
			name = LaunchScreen.storyboard;
			sourceTree = "<group>";
		};
/* End PBXVariantGroup section */

/* Begin XCBuildConfiguration section */
		375C20452031A14B001EF06F /* Debug */ = {
			isa = XCBuildConfiguration;
			buildSettings = {
				ALWAYS_SEARCH_USER_PATHS = NO;
				CLANG_ANALYZER_NONNULL = YES;
				CLANG_ANALYZER_NUMBER_OBJECT_CONVERSION = YES_AGGRESSIVE;
				CLANG_CXX_LANGUAGE_STANDARD = "gnu++14";
				CLANG_CXX_LIBRARY = "libc++";
				CLANG_ENABLE_MODULES = YES;
				CLANG_ENABLE_OBJC_ARC = YES;
				CLANG_WARN_BLOCK_CAPTURE_AUTORELEASING = YES;
				CLANG_WARN_BOOL_CONVERSION = YES;
				CLANG_WARN_COMMA = YES;
				CLANG_WARN_CONSTANT_CONVERSION = YES;
				CLANG_WARN_DIRECT_OBJC_ISA_USAGE = YES_ERROR;
				CLANG_WARN_DOCUMENTATION_COMMENTS = YES;
				CLANG_WARN_EMPTY_BODY = YES;
				CLANG_WARN_ENUM_CONVERSION = YES;
				CLANG_WARN_INFINITE_RECURSION = YES;
				CLANG_WARN_INT_CONVERSION = YES;
				CLANG_WARN_NON_LITERAL_NULL_CONVERSION = YES;
				CLANG_WARN_OBJC_LITERAL_CONVERSION = YES;
				CLANG_WARN_OBJC_ROOT_CLASS = YES_ERROR;
				CLANG_WARN_RANGE_LOOP_ANALYSIS = YES;
				CLANG_WARN_STRICT_PROTOTYPES = YES;
				CLANG_WARN_SUSPICIOUS_MOVE = YES;
				CLANG_WARN_UNGUARDED_AVAILABILITY = YES_AGGRESSIVE;
				CLANG_WARN_UNREACHABLE_CODE = YES;
				CLANG_WARN__DUPLICATE_METHOD_MATCH = YES;
				CODE_SIGN_IDENTITY = "iPhone Developer";
				COPY_PHASE_STRIP = NO;
				DEBUG_INFORMATION_FORMAT = dwarf;
				ENABLE_STRICT_OBJC_MSGSEND = YES;
				ENABLE_TESTABILITY = YES;
				GCC_C_LANGUAGE_STANDARD = gnu11;
				GCC_DYNAMIC_NO_PIC = NO;
				GCC_NO_COMMON_BLOCKS = YES;
				GCC_OPTIMIZATION_LEVEL = 0;
				GCC_PREPROCESSOR_DEFINITIONS = (
					"DEBUG=1",
					"$(inherited)",
				);
				GCC_WARN_64_TO_32_BIT_CONVERSION = YES;
				GCC_WARN_ABOUT_RETURN_TYPE = YES_ERROR;
				GCC_WARN_UNDECLARED_SELECTOR = YES;
				GCC_WARN_UNINITIALIZED_AUTOS = YES_AGGRESSIVE;
				GCC_WARN_UNUSED_FUNCTION = YES;
				GCC_WARN_UNUSED_VARIABLE = YES;
				IPHONEOS_DEPLOYMENT_TARGET = 11.2;
				MTL_ENABLE_DEBUG_INFO = YES;
				ONLY_ACTIVE_ARCH = YES;
				SDKROOT = iphoneos;
				SWIFT_ACTIVE_COMPILATION_CONDITIONS = DEBUG;
				SWIFT_OPTIMIZATION_LEVEL = "-Onone";
			};
			name = Debug;
		};
		375C20462031A14B001EF06F /* Release */ = {
			isa = XCBuildConfiguration;
			buildSettings = {
				ALWAYS_SEARCH_USER_PATHS = NO;
				CLANG_ANALYZER_NONNULL = YES;
				CLANG_ANALYZER_NUMBER_OBJECT_CONVERSION = YES_AGGRESSIVE;
				CLANG_CXX_LANGUAGE_STANDARD = "gnu++14";
				CLANG_CXX_LIBRARY = "libc++";
				CLANG_ENABLE_MODULES = YES;
				CLANG_ENABLE_OBJC_ARC = YES;
				CLANG_WARN_BLOCK_CAPTURE_AUTORELEASING = YES;
				CLANG_WARN_BOOL_CONVERSION = YES;
				CLANG_WARN_COMMA = YES;
				CLANG_WARN_CONSTANT_CONVERSION = YES;
				CLANG_WARN_DIRECT_OBJC_ISA_USAGE = YES_ERROR;
				CLANG_WARN_DOCUMENTATION_COMMENTS = YES;
				CLANG_WARN_EMPTY_BODY = YES;
				CLANG_WARN_ENUM_CONVERSION = YES;
				CLANG_WARN_INFINITE_RECURSION = YES;
				CLANG_WARN_INT_CONVERSION = YES;
				CLANG_WARN_NON_LITERAL_NULL_CONVERSION = YES;
				CLANG_WARN_OBJC_LITERAL_CONVERSION = YES;
				CLANG_WARN_OBJC_ROOT_CLASS = YES_ERROR;
				CLANG_WARN_RANGE_LOOP_ANALYSIS = YES;
				CLANG_WARN_STRICT_PROTOTYPES = YES;
				CLANG_WARN_SUSPICIOUS_MOVE = YES;
				CLANG_WARN_UNGUARDED_AVAILABILITY = YES_AGGRESSIVE;
				CLANG_WARN_UNREACHABLE_CODE = YES;
				CLANG_WARN__DUPLICATE_METHOD_MATCH = YES;
				CODE_SIGN_IDENTITY = "iPhone Developer";
				COPY_PHASE_STRIP = NO;
				DEBUG_INFORMATION_FORMAT = "dwarf-with-dsym";
				ENABLE_NS_ASSERTIONS = NO;
				ENABLE_STRICT_OBJC_MSGSEND = YES;
				GCC_C_LANGUAGE_STANDARD = gnu11;
				GCC_NO_COMMON_BLOCKS = YES;
				GCC_WARN_64_TO_32_BIT_CONVERSION = YES;
				GCC_WARN_ABOUT_RETURN_TYPE = YES_ERROR;
				GCC_WARN_UNDECLARED_SELECTOR = YES;
				GCC_WARN_UNINITIALIZED_AUTOS = YES_AGGRESSIVE;
				GCC_WARN_UNUSED_FUNCTION = YES;
				GCC_WARN_UNUSED_VARIABLE = YES;
				IPHONEOS_DEPLOYMENT_TARGET = 11.2;
				MTL_ENABLE_DEBUG_INFO = NO;
				SDKROOT = iphoneos;
				SWIFT_OPTIMIZATION_LEVEL = "-Owholemodule";
				VALIDATE_PRODUCT = YES;
			};
			name = Release;
		};
		375C20482031A14B001EF06F /* Debug */ = {
			isa = XCBuildConfiguration;
			buildSettings = {
				ASSETCATALOG_COMPILER_APPICON_NAME = AppIcon;
				CODE_SIGN_STYLE = Automatic;
				DEVELOPMENT_TEAM = 9BXY7WD86A;
				INFOPLIST_FILE = "Swag Shopping/Info.plist";
				LD_RUNPATH_SEARCH_PATHS = "$(inherited) @executable_path/Frameworks";
				PRODUCT_BUNDLE_IDENTIFIER = "com.pritommazumder.Swag-Shopping";
				PRODUCT_NAME = "$(TARGET_NAME)";
				SWIFT_VERSION = 4.0;
				TARGETED_DEVICE_FAMILY = "1,2";
			};
			name = Debug;
		};
		375C20492031A14B001EF06F /* Release */ = {
			isa = XCBuildConfiguration;
			buildSettings = {
				ASSETCATALOG_COMPILER_APPICON_NAME = AppIcon;
				CODE_SIGN_STYLE = Automatic;
				DEVELOPMENT_TEAM = 9BXY7WD86A;
				INFOPLIST_FILE = "Swag Shopping/Info.plist";
				LD_RUNPATH_SEARCH_PATHS = "$(inherited) @executable_path/Frameworks";
				PRODUCT_BUNDLE_IDENTIFIER = "com.pritommazumder.Swag-Shopping";
				PRODUCT_NAME = "$(TARGET_NAME)";
				SWIFT_VERSION = 4.0;
				TARGETED_DEVICE_FAMILY = "1,2";
			};
			name = Release;
		};
/* End XCBuildConfiguration section */

/* Begin XCConfigurationList section */
		375C20302031A14B001EF06F /* Build configuration list for PBXProject "Swag Shopping" */ = {
			isa = XCConfigurationList;
			buildConfigurations = (
				375C20452031A14B001EF06F /* Debug */,
				375C20462031A14B001EF06F /* Release */,
			);
			defaultConfigurationIsVisible = 0;
			defaultConfigurationName = Release;
		};
		375C20472031A14B001EF06F /* Build configuration list for PBXNativeTarget "Swag Shopping" */ = {
			isa = XCConfigurationList;
			buildConfigurations = (
				375C20482031A14B001EF06F /* Debug */,
				375C20492031A14B001EF06F /* Release */,
			);
			defaultConfigurationIsVisible = 0;
			defaultConfigurationName = Release;
		};
/* End XCConfigurationList section */
	};
	rootObject = 375C202D2031A14B001EF06F /* Project object */;
}
